// !$*UTF8*$!
{
	archiveVersion = 1;
	classes = {
	};
	objectVersion = 77;
	objects = {

/* Begin PBXBuildFile section */
		0AA8CF895C81741BB1B74E8A /* PingTests.swift in Sources */ = {isa = PBXBuildFile; fileRef = 66ECBB21F33A852D77ACD7A0 /* PingTests.swift */; };
		0C949032B8532A10BB7FF4DA /* SensorViewModel.swift in Sources */ = {isa = PBXBuildFile; fileRef = 2DE7CEFAB7835DE58B1201AC /* SensorViewModel.swift */; };
		0FEFE353731F2545F2B38621 /* AppIcon.icns in Resources */ = {isa = PBXBuildFile; fileRef = 66AB11EEA19E60E12DED2BF7 /* AppIcon.icns */; };
		1A9AEBF8F86D947C716C1004 /* PresetGrid.swift in Sources */ = {isa = PBXBuildFile; fileRef = BFC3467AB41411D1C69436FF /* PresetGrid.swift */; };
		1EFDABF0716B629D838B7E3E /* UpdateChecker.swift in Sources */ = {isa = PBXBuildFile; fileRef = 53CCE7CDDDA1C3C6EDB1212F /* UpdateChecker.swift */; };
		2AF9D6F16AA2F8B3090AFE60 /* CurveValidator.swift in Sources */ = {isa = PBXBuildFile; fileRef = 977527E49CE2AB7CC8069C43 /* CurveValidator.swift */; };
		2E61F43240D8598A1B0B4F91 /* PlaceholderMainView.swift in Sources */ = {isa = PBXBuildFile; fileRef = 5EA03A8EC1FCC8487B5F804C /* PlaceholderMainView.swift */; };
		30A09EE987C6708810B8E2AD /* SnapshotBuilderTests.swift in Sources */ = {isa = PBXBuildFile; fileRef = 34A598655F9BB9230F85A1A7 /* SnapshotBuilderTests.swift */; };
		324B8218465329F937611366 /* SafetyOverride.swift in Sources */ = {isa = PBXBuildFile; fileRef = 33F52BE0FADF4D34A6E6BE1F /* SafetyOverride.swift */; };
		38A2D148916901AAF8452179 /* FCWindow.swift in Sources */ = {isa = PBXBuildFile; fileRef = 441CE03A879677B5E2D86A85 /* FCWindow.swift */; };
		3BABF9FFCA27A02BE5F36653 /* SMCError.swift in Sources */ = {isa = PBXBuildFile; fileRef = F9C7DC71F4B8D03B6FDA9158 /* SMCError.swift */; };
		3C014ABE6A908924CCC64AF7 /* CurveInterpolator.swift in Sources */ = {isa = PBXBuildFile; fileRef = FD2B9AEBC1BC2FF748AF5190 /* CurveInterpolator.swift */; };
		3F0D210B899E670A6E528018 /* HelperMain.swift in Sources */ = {isa = PBXBuildFile; fileRef = AE16BA5CABA62FB412334B57 /* HelperMain.swift */; };
		3F48DCD324DA4B492369C105 /* ControlLoop.swift in Sources */ = {isa = PBXBuildFile; fileRef = FB8734F6534F29729DF49E63 /* ControlLoop.swift */; };
		40921C63FC7822B2AD6A58A4 /* Fonts.swift in Sources */ = {isa = PBXBuildFile; fileRef = 9D7895E9410F391C561BD0D0 /* Fonts.swift */; };
		413F7FFE55500ACCEEA27AD1 /* HelperProtocol.swift in Sources */ = {isa = PBXBuildFile; fileRef = CD837E80058CDD0C7D471504 /* HelperProtocol.swift */; };
		4800A7A37F8EB2B5250924C2 /* PresetButton.swift in Sources */ = {isa = PBXBuildFile; fileRef = 7B1BC4BB054D4E4B0FC3E35E /* PresetButton.swift */; };
		4C615AB501748D8DC0BC301E /* FCTrafficLights.swift in Sources */ = {isa = PBXBuildFile; fileRef = E188B5861873B6A76A13B362 /* FCTrafficLights.swift */; };
		4E5A75D543011591D3F23263 /* SnapshotBuilder.swift in Sources */ = {isa = PBXBuildFile; fileRef = 9F4ECA96DF95344BCC72BC8D /* SnapshotBuilder.swift */; };
		5387396E16C0E9CA9E552598 /* FanCeilingsValidityTests.swift in Sources */ = {isa = PBXBuildFile; fileRef = 8289B880CB71AC31EA0FDE13 /* FanCeilingsValidityTests.swift */; };
		54102E3BAA9E98D7B522587B /* SharedTypes.swift in Sources */ = {isa = PBXBuildFile; fileRef = A1FC1A9AFB451E2FB99F23DE /* SharedTypes.swift */; };
		577C7573797F5E49483F1600 /* CurveInterpolatorTests.swift in Sources */ = {isa = PBXBuildFile; fileRef = 91BF24D9491B9B963729B0ED /* CurveInterpolatorTests.swift */; };
		5AABA335666B1B2340327818 /* HelperClient.swift in Sources */ = {isa = PBXBuildFile; fileRef = ED42F946B2A0F052AE3948C7 /* HelperClient.swift */; };
		658D29500422C4D9B38ACEC8 /* StatusItemController.swift in Sources */ = {isa = PBXBuildFile; fileRef = 51E70CE636690D323063D919 /* StatusItemController.swift */; };
		660E962A986080405D64E2C9 /* XPCConnectionValidator.swift in Sources */ = {isa = PBXBuildFile; fileRef = C71819D0553B8BAC041C7F80 /* XPCConnectionValidator.swift */; };
		6B6BBC50DFAF69709AEE8B42 /* SMCReader.swift in Sources */ = {isa = PBXBuildFile; fileRef = F2E7CEFB76AE273A66779C16 /* SMCReader.swift */; };
		6E47708A736EC7E84DEE6DE0 /* BreezeFanApp.swift in Sources */ = {isa = PBXBuildFile; fileRef = 49E3991D28FF68F4219896D2 /* BreezeFanApp.swift */; };
		6F70AA569B0132B8155AE930 /* Spacing.swift in Sources */ = {isa = PBXBuildFile; fileRef = 0A4F35514BE1E0B1244CC960 /* Spacing.swift */; };
		71ADC84D24272D061C836EA9 /* com.breezefan.helper.plist in Resources */ = {isa = PBXBuildFile; fileRef = 961040CD572BE1BE0330100E /* com.breezefan.helper.plist */; };
		7568BD701FE42A0EF2B26697 /* FPE2.swift in Sources */ = {isa = PBXBuildFile; fileRef = 794DE7ACE2BDB6EE3A88090B /* FPE2.swift */; };
		79460938D71F344FBAE62A32 /* AppLogger.swift in Sources */ = {isa = PBXBuildFile; fileRef = 21A4F0B2F842EA17A0D26540 /* AppLogger.swift */; };
		7A0CFC89D611FD564ED12BFA /* HelperProtocol.swift in Sources */ = {isa = PBXBuildFile; fileRef = CD837E80058CDD0C7D471504 /* HelperProtocol.swift */; };
		7C388B325F4D4E2A85DA380B /* HelperProtocol.swift in Sources */ = {isa = PBXBuildFile; fileRef = CD837E80058CDD0C7D471504 /* HelperProtocol.swift */; };
		7CE6A52DEA80C8EDD0886D69 /* LogConsole.swift in Sources */ = {isa = PBXBuildFile; fileRef = 4209BBDB325E9DD7832DE066 /* LogConsole.swift */; };
		7FFD681EAFCC03CF4876EAC0 /* StatusIcon.swift in Sources */ = {isa = PBXBuildFile; fileRef = ED256F3AD277B1812B222C22 /* StatusIcon.swift */; };
		829221D73D9FE1F0CFD180B3 /* Colors.swift in Sources */ = {isa = PBXBuildFile; fileRef = 46B12231175AE77F537F9089 /* Colors.swift */; };
		86300C5173D634862C2D6F78 /* SharedTypes.swift in Sources */ = {isa = PBXBuildFile; fileRef = A1FC1A9AFB451E2FB99F23DE /* SharedTypes.swift */; };
		8C19AEDBE8F58BC56AEBAD4A /* StateStore.swift in Sources */ = {isa = PBXBuildFile; fileRef = 4F975BC6FF200273B21547F7 /* StateStore.swift */; };
		8EAEB31D7E615AA166CD3306 /* ModeManagerClampTests.swift in Sources */ = {isa = PBXBuildFile; fileRef = FF57E18FBF7D2EA66F0AAA02 /* ModeManagerClampTests.swift */; };
		8EC9BBC9960991B9909C4AF9 /* HysteresisTests.swift in Sources */ = {isa = PBXBuildFile; fileRef = 2A58444BACD86DD312EC80D6 /* HysteresisTests.swift */; };
		92BAACC02E2986B519768D76 /* SMCKey.swift in Sources */ = {isa = PBXBuildFile; fileRef = E1B40AF3EB20E26B32BE3CC8 /* SMCKey.swift */; };
		94AD8F0DC59EBD34D2AA85E5 /* TemperatureReader.swift in Sources */ = {isa = PBXBuildFile; fileRef = 87FDA225EC1CE074059C8945 /* TemperatureReader.swift */; };
		955F8ADEE975F717762EFB2A /* CurveGraph.swift in Sources */ = {isa = PBXBuildFile; fileRef = E6BEA70BFBFCA56A82D4D083 /* CurveGraph.swift */; };
		96F83C6E124E35929C6E32C3 /* ModeManager.swift in Sources */ = {isa = PBXBuildFile; fileRef = EC036889987D8EEA39E8B497 /* ModeManager.swift */; };
		9E47190A0359D15F042A4C5A /* FPE2Tests.swift in Sources */ = {isa = PBXBuildFile; fileRef = 8166389570276ADA3EB6E2F2 /* FPE2Tests.swift */; };
		A58FD948E7131159BE28ED25 /* SafetyOverrideTests.swift in Sources */ = {isa = PBXBuildFile; fileRef = 29298B487C9B0D81F1EA1E91 /* SafetyOverrideTests.swift */; };
		A90B93705012B8F208A75C8E /* AppState.swift in Sources */ = {isa = PBXBuildFile; fileRef = 112446C1D39B0CE63A5BD882 /* AppState.swift */; };
		AA17B66CD48491B3ED3BBD18 /* MenuBarPopoverView.swift in Sources */ = {isa = PBXBuildFile; fileRef = F3B68510AC2F2102C1AC31FC /* MenuBarPopoverView.swift */; };
		ACE6097E822142EC3D039D7A /* SMCKeyEncodingTests.swift in Sources */ = {isa = PBXBuildFile; fileRef = 570889E351639FBC5C4F63CB /* SMCKeyEncodingTests.swift */; };
		B2666FEE8C1199C9F7A2B606 /* Watchdog.swift in Sources */ = {isa = PBXBuildFile; fileRef = 4485EB610DF67270E9CDBD34 /* Watchdog.swift */; };
		B476238A88D4C4EF8E3F22A1 /* FCDivider.swift in Sources */ = {isa = PBXBuildFile; fileRef = 05A0C4BCF25B5BF5B07C8815 /* FCDivider.swift */; };
		B498141EEB49D5E8319B0C12 /* CurveEditorView.swift in Sources */ = {isa = PBXBuildFile; fileRef = 24488A787BCBB1C9F6DAF465 /* CurveEditorView.swift */; };
		B5DA784B64847965221FB68A /* CurveValidationTests.swift in Sources */ = {isa = PBXBuildFile; fileRef = 6ECBE4A0B449638D63149BA7 /* CurveValidationTests.swift */; };
		B75FF01E2E71F8E2FDA414A2 /* CurveInterpolator.swift in Sources */ = {isa = PBXBuildFile; fileRef = FD2B9AEBC1BC2FF748AF5190 /* CurveInterpolator.swift */; };
		CAB79BEC49A4D7AE0CB201F9 /* XPCConnectionValidatorTests.swift in Sources */ = {isa = PBXBuildFile; fileRef = 0034E6AD79BB04516E19E031 /* XPCConnectionValidatorTests.swift */; };
		CAE27E40F82A9FA8920C79B7 /* HelperService.swift in Sources */ = {isa = PBXBuildFile; fileRef = 2FB0A70BA5C6DEB24B753301 /* HelperService.swift */; };
		CCB2A8B69BC61204560E62F6 /* Hysteresis.swift in Sources */ = {isa = PBXBuildFile; fileRef = 663904B5454CEF17D6B8F4F4 /* Hysteresis.swift */; };
		CDC21F0DA802B3949309E143 /* SMCReaderMockTests.swift in Sources */ = {isa = PBXBuildFile; fileRef = FF1BE6888DF2B381EEDEEF5F /* SMCReaderMockTests.swift */; };
		CEA9B1C50AE705C9F4084EE4 /* ModelDetector.swift in Sources */ = {isa = PBXBuildFile; fileRef = DA86059E50E2461828814AC5 /* ModelDetector.swift */; };
		D21862C66074DDE1B79CA2FB /* NumStepper.swift in Sources */ = {isa = PBXBuildFile; fileRef = A5EF242C422F34DC7996CE8E /* NumStepper.swift */; };
		D2A591E77A1CA1EB4569EF10 /* PresetTests.swift in Sources */ = {isa = PBXBuildFile; fileRef = BCC6CA1AD088F70010688CF0 /* PresetTests.swift */; };
		D4313ECC2A17D24F6201B078 /* SharedTypes.swift in Sources */ = {isa = PBXBuildFile; fileRef = A1FC1A9AFB451E2FB99F23DE /* SharedTypes.swift */; };
		D48377C47A4D5964DA0D2733 /* MainView.swift in Sources */ = {isa = PBXBuildFile; fileRef = 8A8BDE38EC09DABD0911364E /* MainView.swift */; };
		D5AA7162DC0AFADB7AD23A1E /* CurveValidator.swift in Sources */ = {isa = PBXBuildFile; fileRef = 977527E49CE2AB7CC8069C43 /* CurveValidator.swift */; };
		D8D1A4652CE2A7B60BBB4CC8 /* TemperatureReaderTests.swift in Sources */ = {isa = PBXBuildFile; fileRef = 1A96E00F2FEEBE11AB23A886 /* TemperatureReaderTests.swift */; };
		E2AD1A2AEDFC8AF1F5A63F24 /* LicenseUnlockSheet.swift in Sources */ = {isa = PBXBuildFile; fileRef = CEA84D7523C5406997055349 /* LicenseUnlockSheet.swift */; };
		E3D742128AF7BB4A6A451EDA /* TempSanityTests.swift in Sources */ = {isa = PBXBuildFile; fileRef = 97140CACAEEF884FE4F820F6 /* TempSanityTests.swift */; };
		E80AAFB31F236409564B093C /* ControlConfigStore.swift in Sources */ = {isa = PBXBuildFile; fileRef = 95EA73605B65409545109615 /* ControlConfigStore.swift */; };
		EA44357B328BA15324D04BD3 /* CurveInterpolator.swift in Sources */ = {isa = PBXBuildFile; fileRef = FD2B9AEBC1BC2FF748AF5190 /* CurveInterpolator.swift */; };
		EDC2310B830DD21588BFDCDB /* SMCWriter.swift in Sources */ = {isa = PBXBuildFile; fileRef = 6554A9435DB6B343EE9986AA /* SMCWriter.swift */; };
		EDC67320E4B688AA984091AD /* FanRow.swift in Sources */ = {isa = PBXBuildFile; fileRef = AA00F5ECE7FF5A463FA88B69 /* FanRow.swift */; };
		EF5D0A6B0CA338E0B7A44FB3 /* FCSection.swift in Sources */ = {isa = PBXBuildFile; fileRef = 73357D73D433D38074778543 /* FCSection.swift */; };
		F18B031AB90C43A395B47282 /* CurveValidator.swift in Sources */ = {isa = PBXBuildFile; fileRef = 977527E49CE2AB7CC8069C43 /* CurveValidator.swift */; };
		F6FC784F3A2C588188369469 /* SensorPoller.swift in Sources */ = {isa = PBXBuildFile; fileRef = 9E6FC5BEF98CB78A1C1865DB /* SensorPoller.swift */; };
		FD841EDACACD213E97DC83BE /* Animations.swift in Sources */ = {isa = PBXBuildFile; fileRef = 62FA30ADCD5039926283D5AD /* Animations.swift */; };
		FF1B1FF88B500C2AEA7673B4 /* HelperLogger.swift in Sources */ = {isa = PBXBuildFile; fileRef = 3C549AA8E2E37EF7867ACB4B /* HelperLogger.swift */; };
/* End PBXBuildFile section */

/* Begin PBXContainerItemProxy section */
		8310AFD15E6442339C4A37DF /* PBXContainerItemProxy */ = {
			isa = PBXContainerItemProxy;
			containerPortal = 24D57502B6BDE0994608A823 /* Project object */;
			proxyType = 1;
			remoteGlobalIDString = 698696E8AD6994D80BB09592;
			remoteInfo = BreezeFan;
		};
		9D9A5A20CB983BF2298257FC /* PBXContainerItemProxy */ = {
			isa = PBXContainerItemProxy;
			containerPortal = 24D57502B6BDE0994608A823 /* Project object */;
			proxyType = 1;
			remoteGlobalIDString = B370EE414A62574228C8F29F;
			remoteInfo = BreezeFanHelper;
		};
/* End PBXContainerItemProxy section */

/* Begin PBXFileReference section */
		0034E6AD79BB04516E19E031 /* XPCConnectionValidatorTests.swift */ = {isa = PBXFileReference; lastKnownFileType = sourcecode.swift; path = XPCConnectionValidatorTests.swift; sourceTree = "<group>"; };
		05A0C4BCF25B5BF5B07C8815 /* FCDivider.swift */ = {isa = PBXFileReference; lastKnownFileType = sourcecode.swift; path = FCDivider.swift; sourceTree = "<group>"; };
		0A4F35514BE1E0B1244CC960 /* Spacing.swift */ = {isa = PBXFileReference; lastKnownFileType = sourcecode.swift; path = Spacing.swift; sourceTree = "<group>"; };
		112446C1D39B0CE63A5BD882 /* AppState.swift */ = {isa = PBXFileReference; lastKnownFileType = sourcecode.swift; path = AppState.swift; sourceTree = "<group>"; };
		1A96E00F2FEEBE11AB23A886 /* TemperatureReaderTests.swift */ = {isa = PBXFileReference; lastKnownFileType = sourcecode.swift; path = TemperatureReaderTests.swift; sourceTree = "<group>"; };
		21A4F0B2F842EA17A0D26540 /* AppLogger.swift */ = {isa = PBXFileReference; lastKnownFileType = sourcecode.swift; path = AppLogger.swift; sourceTree = "<group>"; };
		24488A787BCBB1C9F6DAF465 /* CurveEditorView.swift */ = {isa = PBXFileReference; lastKnownFileType = sourcecode.swift; path = CurveEditorView.swift; sourceTree = "<group>"; };
		29298B487C9B0D81F1EA1E91 /* SafetyOverrideTests.swift */ = {isa = PBXFileReference; lastKnownFileType = sourcecode.swift; path = SafetyOverrideTests.swift; sourceTree = "<group>"; };
		2A58444BACD86DD312EC80D6 /* HysteresisTests.swift */ = {isa = PBXFileReference; lastKnownFileType = sourcecode.swift; path = HysteresisTests.swift; sourceTree = "<group>"; };
		2DE7CEFAB7835DE58B1201AC /* SensorViewModel.swift */ = {isa = PBXFileReference; lastKnownFileType = sourcecode.swift; path = SensorViewModel.swift; sourceTree = "<group>"; };
		2FB0A70BA5C6DEB24B753301 /* HelperService.swift */ = {isa = PBXFileReference; lastKnownFileType = sourcecode.swift; path = HelperService.swift; sourceTree = "<group>"; };
		33F52BE0FADF4D34A6E6BE1F /* SafetyOverride.swift */ = {isa = PBXFileReference; lastKnownFileType = sourcecode.swift; path = SafetyOverride.swift; sourceTree = "<group>"; };
		34A598655F9BB9230F85A1A7 /* SnapshotBuilderTests.swift */ = {isa = PBXFileReference; lastKnownFileType = sourcecode.swift; path = SnapshotBuilderTests.swift; sourceTree = "<group>"; };
		359986ED04741AA24F4328C9 /* Info.plist */ = {isa = PBXFileReference; lastKnownFileType = text.plist; path = Info.plist; sourceTree = "<group>"; };
		3C549AA8E2E37EF7867ACB4B /* HelperLogger.swift */ = {isa = PBXFileReference; lastKnownFileType = sourcecode.swift; path = HelperLogger.swift; sourceTree = "<group>"; };
		4209BBDB325E9DD7832DE066 /* LogConsole.swift */ = {isa = PBXFileReference; lastKnownFileType = sourcecode.swift; path = LogConsole.swift; sourceTree = "<group>"; };
		441CE03A879677B5E2D86A85 /* FCWindow.swift */ = {isa = PBXFileReference; lastKnownFileType = sourcecode.swift; path = FCWindow.swift; sourceTree = "<group>"; };
		4485EB610DF67270E9CDBD34 /* Watchdog.swift */ = {isa = PBXFileReference; lastKnownFileType = sourcecode.swift; path = Watchdog.swift; sourceTree = "<group>"; };
		46B12231175AE77F537F9089 /* Colors.swift */ = {isa = PBXFileReference; lastKnownFileType = sourcecode.swift; path = Colors.swift; sourceTree = "<group>"; };
		49E3991D28FF68F4219896D2 /* BreezeFanApp.swift */ = {isa = PBXFileReference; lastKnownFileType = sourcecode.swift; path = BreezeFanApp.swift; sourceTree = "<group>"; };
		4F975BC6FF200273B21547F7 /* StateStore.swift */ = {isa = PBXFileReference; lastKnownFileType = sourcecode.swift; path = StateStore.swift; sourceTree = "<group>"; };
		51E70CE636690D323063D919 /* StatusItemController.swift */ = {isa = PBXFileReference; lastKnownFileType = sourcecode.swift; path = StatusItemController.swift; sourceTree = "<group>"; };
		53CCE7CDDDA1C3C6EDB1212F /* UpdateChecker.swift */ = {isa = PBXFileReference; lastKnownFileType = sourcecode.swift; path = UpdateChecker.swift; sourceTree = "<group>"; };
		56E4C4AC5CF1404AFC2AC641 /* BreezeFanHelper */ = {isa = PBXFileReference; includeInIndex = 0; path = BreezeFanHelper; sourceTree = BUILT_PRODUCTS_DIR; };
		570889E351639FBC5C4F63CB /* SMCKeyEncodingTests.swift */ = {isa = PBXFileReference; lastKnownFileType = sourcecode.swift; path = SMCKeyEncodingTests.swift; sourceTree = "<group>"; };
		5EA03A8EC1FCC8487B5F804C /* PlaceholderMainView.swift */ = {isa = PBXFileReference; lastKnownFileType = sourcecode.swift; path = PlaceholderMainView.swift; sourceTree = "<group>"; };
		62FA30ADCD5039926283D5AD /* Animations.swift */ = {isa = PBXFileReference; lastKnownFileType = sourcecode.swift; path = Animations.swift; sourceTree = "<group>"; };
		6554A9435DB6B343EE9986AA /* SMCWriter.swift */ = {isa = PBXFileReference; lastKnownFileType = sourcecode.swift; path = SMCWriter.swift; sourceTree = "<group>"; };
		663904B5454CEF17D6B8F4F4 /* Hysteresis.swift */ = {isa = PBXFileReference; lastKnownFileType = sourcecode.swift; path = Hysteresis.swift; sourceTree = "<group>"; };
		66AB11EEA19E60E12DED2BF7 /* AppIcon.icns */ = {isa = PBXFileReference; lastKnownFileType = image.icns; path = AppIcon.icns; sourceTree = "<group>"; };
		66C0F93595794C0C0BA06C36 /* Info.plist */ = {isa = PBXFileReference; lastKnownFileType = text.plist; path = Info.plist; sourceTree = "<group>"; };
		66ECBB21F33A852D77ACD7A0 /* PingTests.swift */ = {isa = PBXFileReference; lastKnownFileType = sourcecode.swift; path = PingTests.swift; sourceTree = "<group>"; };
		6ECBE4A0B449638D63149BA7 /* CurveValidationTests.swift */ = {isa = PBXFileReference; lastKnownFileType = sourcecode.swift; path = CurveValidationTests.swift; sourceTree = "<group>"; };
		73357D73D433D38074778543 /* FCSection.swift */ = {isa = PBXFileReference; lastKnownFileType = sourcecode.swift; path = FCSection.swift; sourceTree = "<group>"; };
		794DE7ACE2BDB6EE3A88090B /* FPE2.swift */ = {isa = PBXFileReference; lastKnownFileType = sourcecode.swift; path = FPE2.swift; sourceTree = "<group>"; };
		79BDE7CDF73F5DB199C7B046 /* BreezeFan.entitlements */ = {isa = PBXFileReference; lastKnownFileType = text.plist.entitlements; path = BreezeFan.entitlements; sourceTree = "<group>"; };
		7B1BC4BB054D4E4B0FC3E35E /* PresetButton.swift */ = {isa = PBXFileReference; lastKnownFileType = sourcecode.swift; path = PresetButton.swift; sourceTree = "<group>"; };
		8166389570276ADA3EB6E2F2 /* FPE2Tests.swift */ = {isa = PBXFileReference; lastKnownFileType = sourcecode.swift; path = FPE2Tests.swift; sourceTree = "<group>"; };
		8289B880CB71AC31EA0FDE13 /* FanCeilingsValidityTests.swift */ = {isa = PBXFileReference; lastKnownFileType = sourcecode.swift; path = FanCeilingsValidityTests.swift; sourceTree = "<group>"; };
		87FDA225EC1CE074059C8945 /* TemperatureReader.swift */ = {isa = PBXFileReference; lastKnownFileType = sourcecode.swift; path = TemperatureReader.swift; sourceTree = "<group>"; };
		8A8BDE38EC09DABD0911364E /* MainView.swift */ = {isa = PBXFileReference; lastKnownFileType = sourcecode.swift; path = MainView.swift; sourceTree = "<group>"; };
		91BF24D9491B9B963729B0ED /* CurveInterpolatorTests.swift */ = {isa = PBXFileReference; lastKnownFileType = sourcecode.swift; path = CurveInterpolatorTests.swift; sourceTree = "<group>"; };
		95EA73605B65409545109615 /* ControlConfigStore.swift */ = {isa = PBXFileReference; lastKnownFileType = sourcecode.swift; path = ControlConfigStore.swift; sourceTree = "<group>"; };
		961040CD572BE1BE0330100E /* com.breezefan.helper.plist */ = {isa = PBXFileReference; lastKnownFileType = text.plist; path = com.breezefan.helper.plist; sourceTree = "<group>"; };
		97140CACAEEF884FE4F820F6 /* TempSanityTests.swift */ = {isa = PBXFileReference; lastKnownFileType = sourcecode.swift; path = TempSanityTests.swift; sourceTree = "<group>"; };
		977527E49CE2AB7CC8069C43 /* CurveValidator.swift */ = {isa = PBXFileReference; lastKnownFileType = sourcecode.swift; path = CurveValidator.swift; sourceTree = "<group>"; };
		9D7895E9410F391C561BD0D0 /* Fonts.swift */ = {isa = PBXFileReference; lastKnownFileType = sourcecode.swift; path = Fonts.swift; sourceTree = "<group>"; };
		9E6FC5BEF98CB78A1C1865DB /* SensorPoller.swift */ = {isa = PBXFileReference; lastKnownFileType = sourcecode.swift; path = SensorPoller.swift; sourceTree = "<group>"; };
		9F4ECA96DF95344BCC72BC8D /* SnapshotBuilder.swift */ = {isa = PBXFileReference; lastKnownFileType = sourcecode.swift; path = SnapshotBuilder.swift; sourceTree = "<group>"; };
		A1FC1A9AFB451E2FB99F23DE /* SharedTypes.swift */ = {isa = PBXFileReference; lastKnownFileType = sourcecode.swift; path = SharedTypes.swift; sourceTree = "<group>"; };
		A5EF242C422F34DC7996CE8E /* NumStepper.swift */ = {isa = PBXFileReference; lastKnownFileType = sourcecode.swift; path = NumStepper.swift; sourceTree = "<group>"; };
		AA00F5ECE7FF5A463FA88B69 /* FanRow.swift */ = {isa = PBXFileReference; lastKnownFileType = sourcecode.swift; path = FanRow.swift; sourceTree = "<group>"; };
		AD32153A9BB85207FFE014DF /* BreezeFan.app */ = {isa = PBXFileReference; explicitFileType = wrapper.application; includeInIndex = 0; path = BreezeFan.app; sourceTree = BUILT_PRODUCTS_DIR; };
		AE16BA5CABA62FB412334B57 /* HelperMain.swift */ = {isa = PBXFileReference; lastKnownFileType = sourcecode.swift; path = HelperMain.swift; sourceTree = "<group>"; };
		BCC6CA1AD088F70010688CF0 /* PresetTests.swift */ = {isa = PBXFileReference; lastKnownFileType = sourcecode.swift; path = PresetTests.swift; sourceTree = "<group>"; };
		BFC3467AB41411D1C69436FF /* PresetGrid.swift */ = {isa = PBXFileReference; lastKnownFileType = sourcecode.swift; path = PresetGrid.swift; sourceTree = "<group>"; };
		C54AEFDA703A1259C5610D9E /* BreezeFanTests.xctest */ = {isa = PBXFileReference; explicitFileType = wrapper.cfbundle; includeInIndex = 0; path = BreezeFanTests.xctest; sourceTree = BUILT_PRODUCTS_DIR; };
		C71819D0553B8BAC041C7F80 /* XPCConnectionValidator.swift */ = {isa = PBXFileReference; lastKnownFileType = sourcecode.swift; path = XPCConnectionValidator.swift; sourceTree = "<group>"; };
		CD837E80058CDD0C7D471504 /* HelperProtocol.swift */ = {isa = PBXFileReference; lastKnownFileType = sourcecode.swift; path = HelperProtocol.swift; sourceTree = "<group>"; };
		CEA84D7523C5406997055349 /* LicenseUnlockSheet.swift */ = {isa = PBXFileReference; lastKnownFileType = sourcecode.swift; path = LicenseUnlockSheet.swift; sourceTree = "<group>"; };
		DA86059E50E2461828814AC5 /* ModelDetector.swift */ = {isa = PBXFileReference; lastKnownFileType = sourcecode.swift; path = ModelDetector.swift; sourceTree = "<group>"; };
		DCC88D12A5372E933B51B697 /* BreezeFanHelper.entitlements */ = {isa = PBXFileReference; lastKnownFileType = text.plist.entitlements; path = BreezeFanHelper.entitlements; sourceTree = "<group>"; };
		E188B5861873B6A76A13B362 /* FCTrafficLights.swift */ = {isa = PBXFileReference; lastKnownFileType = sourcecode.swift; path = FCTrafficLights.swift; sourceTree = "<group>"; };
		E1B40AF3EB20E26B32BE3CC8 /* SMCKey.swift */ = {isa = PBXFileReference; lastKnownFileType = sourcecode.swift; path = SMCKey.swift; sourceTree = "<group>"; };
		E6BEA70BFBFCA56A82D4D083 /* CurveGraph.swift */ = {isa = PBXFileReference; lastKnownFileType = sourcecode.swift; path = CurveGraph.swift; sourceTree = "<group>"; };
		EC036889987D8EEA39E8B497 /* ModeManager.swift */ = {isa = PBXFileReference; lastKnownFileType = sourcecode.swift; path = ModeManager.swift; sourceTree = "<group>"; };
		ED256F3AD277B1812B222C22 /* StatusIcon.swift */ = {isa = PBXFileReference; lastKnownFileType = sourcecode.swift; path = StatusIcon.swift; sourceTree = "<group>"; };
		ED42F946B2A0F052AE3948C7 /* HelperClient.swift */ = {isa = PBXFileReference; lastKnownFileType = sourcecode.swift; path = HelperClient.swift; sourceTree = "<group>"; };
		F2E7CEFB76AE273A66779C16 /* SMCReader.swift */ = {isa = PBXFileReference; lastKnownFileType = sourcecode.swift; path = SMCReader.swift; sourceTree = "<group>"; };
		F3B68510AC2F2102C1AC31FC /* MenuBarPopoverView.swift */ = {isa = PBXFileReference; lastKnownFileType = sourcecode.swift; path = MenuBarPopoverView.swift; sourceTree = "<group>"; };
		F9C7DC71F4B8D03B6FDA9158 /* SMCError.swift */ = {isa = PBXFileReference; lastKnownFileType = sourcecode.swift; path = SMCError.swift; sourceTree = "<group>"; };
		FB8734F6534F29729DF49E63 /* ControlLoop.swift */ = {isa = PBXFileReference; lastKnownFileType = sourcecode.swift; path = ControlLoop.swift; sourceTree = "<group>"; };
		FD2B9AEBC1BC2FF748AF5190 /* CurveInterpolator.swift */ = {isa = PBXFileReference; lastKnownFileType = sourcecode.swift; path = CurveInterpolator.swift; sourceTree = "<group>"; };
		FF1BE6888DF2B381EEDEEF5F /* SMCReaderMockTests.swift */ = {isa = PBXFileReference; lastKnownFileType = sourcecode.swift; path = SMCReaderMockTests.swift; sourceTree = "<group>"; };
		FF57E18FBF7D2EA66F0AAA02 /* ModeManagerClampTests.swift */ = {isa = PBXFileReference; lastKnownFileType = sourcecode.swift; path = ModeManagerClampTests.swift; sourceTree = "<group>"; };
/* End PBXFileReference section */

/* Begin PBXGroup section */
		00D67416D04A5B8A391941F7 /* Helper */ = {
			isa = PBXGroup;
			children = (
				4F4EA17972773996C679F9FB /* Control */,
				F6D7225EAEB1E517720E358B /* Sensors */,
				FD7CC3C47078F258B6D99B35 /* SMC */,
				8169E85462826BF322D01785 /* XPC */,
				DCC88D12A5372E933B51B697 /* BreezeFanHelper.entitlements */,
				961040CD572BE1BE0330100E /* com.breezefan.helper.plist */,
				3C549AA8E2E37EF7867ACB4B /* HelperLogger.swift */,
				AE16BA5CABA62FB412334B57 /* HelperMain.swift */,
				2FB0A70BA5C6DEB24B753301 /* HelperService.swift */,
				359986ED04741AA24F4328C9 /* Info.plist */,
			);
			path = Helper;
			sourceTree = "<group>";
		};
		1E8C1D283CF335C40D29A3AB /* ControlTests */ = {
			isa = PBXGroup;
			children = (
				2A58444BACD86DD312EC80D6 /* HysteresisTests.swift */,
				FF57E18FBF7D2EA66F0AAA02 /* ModeManagerClampTests.swift */,
				29298B487C9B0D81F1EA1E91 /* SafetyOverrideTests.swift */,
			);
			path = ControlTests;
			sourceTree = "<group>";
		};
		1EF6DAC49120E510EACF965F = {
			isa = PBXGroup;
			children = (
				D017C5116FC6036810142F2B /* App */,
				00D67416D04A5B8A391941F7 /* Helper */,
				B23EA5F240E6DC96B53A80FA /* Resources */,
				36FFAC746E3A09D9CACC054F /* Shared */,
				D678B63505852A9CD6BD9A3E /* Tests */,
				BF90D38EC5BC54B1FFF18D72 /* Products */,
			);
			sourceTree = "<group>";
		};
		27FD1220D886D5225CEF0E58 /* State */ = {
			isa = PBXGroup;
			children = (
				21A4F0B2F842EA17A0D26540 /* AppLogger.swift */,
				112446C1D39B0CE63A5BD882 /* AppState.swift */,
				4209BBDB325E9DD7832DE066 /* LogConsole.swift */,
				2DE7CEFAB7835DE58B1201AC /* SensorViewModel.swift */,
				4F975BC6FF200273B21547F7 /* StateStore.swift */,
				53CCE7CDDDA1C3C6EDB1212F /* UpdateChecker.swift */,
			);
			path = State;
			sourceTree = "<group>";
		};
		36FFAC746E3A09D9CACC054F /* Shared */ = {
			isa = PBXGroup;
			children = (
				FD2B9AEBC1BC2FF748AF5190 /* CurveInterpolator.swift */,
				977527E49CE2AB7CC8069C43 /* CurveValidator.swift */,
				CD837E80058CDD0C7D471504 /* HelperProtocol.swift */,
				A1FC1A9AFB451E2FB99F23DE /* SharedTypes.swift */,
			);
			path = Shared;
			sourceTree = "<group>";
		};
		4F4EA17972773996C679F9FB /* Control */ = {
			isa = PBXGroup;
			children = (
				95EA73605B65409545109615 /* ControlConfigStore.swift */,
				FB8734F6534F29729DF49E63 /* ControlLoop.swift */,
				663904B5454CEF17D6B8F4F4 /* Hysteresis.swift */,
				EC036889987D8EEA39E8B497 /* ModeManager.swift */,
				33F52BE0FADF4D34A6E6BE1F /* SafetyOverride.swift */,
				4485EB610DF67270E9CDBD34 /* Watchdog.swift */,
			);
			path = Control;
			sourceTree = "<group>";
		};
		8169E85462826BF322D01785 /* XPC */ = {
			isa = PBXGroup;
			children = (
				C71819D0553B8BAC041C7F80 /* XPCConnectionValidator.swift */,
			);
			path = XPC;
			sourceTree = "<group>";
		};
		84E744B68FFDEECF54056544 /* Theme */ = {
			isa = PBXGroup;
			children = (
				62FA30ADCD5039926283D5AD /* Animations.swift */,
				46B12231175AE77F537F9089 /* Colors.swift */,
				9D7895E9410F391C561BD0D0 /* Fonts.swift */,
				0A4F35514BE1E0B1244CC960 /* Spacing.swift */,
			);
			path = Theme;
			sourceTree = "<group>";
		};
		8887728CBCED9E376E792CE7 /* Views */ = {
			isa = PBXGroup;
			children = (
				E28F655E5134C6E1FD7E52C9 /* CurveEditor */,
				AA00F5ECE7FF5A463FA88B69 /* FanRow.swift */,
				CEA84D7523C5406997055349 /* LicenseUnlockSheet.swift */,
				8A8BDE38EC09DABD0911364E /* MainView.swift */,
				5EA03A8EC1FCC8487B5F804C /* PlaceholderMainView.swift */,
				7B1BC4BB054D4E4B0FC3E35E /* PresetButton.swift */,
				BFC3467AB41411D1C69436FF /* PresetGrid.swift */,
			);
			path = Views;
			sourceTree = "<group>";
		};
		8D90EFA8467E437D7B95182C /* CurveTests */ = {
			isa = PBXGroup;
			children = (
				91BF24D9491B9B963729B0ED /* CurveInterpolatorTests.swift */,
				6ECBE4A0B449638D63149BA7 /* CurveValidationTests.swift */,
				BCC6CA1AD088F70010688CF0 /* PresetTests.swift */,
			);
			path = CurveTests;
			sourceTree = "<group>";
		};
		AB73CD281836B2435284F8AF /* MenuBar */ = {
			isa = PBXGroup;
			children = (
				F3B68510AC2F2102C1AC31FC /* MenuBarPopoverView.swift */,
				ED256F3AD277B1812B222C22 /* StatusIcon.swift */,
				51E70CE636690D323063D919 /* StatusItemController.swift */,
			);
			path = MenuBar;
			sourceTree = "<group>";
		};
		B23EA5F240E6DC96B53A80FA /* Resources */ = {
			isa = PBXGroup;
			children = (
				66AB11EEA19E60E12DED2BF7 /* AppIcon.icns */,
			);
			path = Resources;
			sourceTree = "<group>";
		};
		B6F0ADB9E9C9DEF02128A653 /* SMCTests */ = {
			isa = PBXGroup;
			children = (
				8166389570276ADA3EB6E2F2 /* FPE2Tests.swift */,
				570889E351639FBC5C4F63CB /* SMCKeyEncodingTests.swift */,
				FF1BE6888DF2B381EEDEEF5F /* SMCReaderMockTests.swift */,
			);
			path = SMCTests;
			sourceTree = "<group>";
		};
		B9FAED6EF77EA5B898E53620 /* SensorsTests */ = {
			isa = PBXGroup;
			children = (
				8289B880CB71AC31EA0FDE13 /* FanCeilingsValidityTests.swift */,
				34A598655F9BB9230F85A1A7 /* SnapshotBuilderTests.swift */,
				1A96E00F2FEEBE11AB23A886 /* TemperatureReaderTests.swift */,
				97140CACAEEF884FE4F820F6 /* TempSanityTests.swift */,
			);
			path = SensorsTests;
			sourceTree = "<group>";
		};
		BB468311BB96AECF8D838FDA /* Window */ = {
			isa = PBXGroup;
			children = (
				05A0C4BCF25B5BF5B07C8815 /* FCDivider.swift */,
				73357D73D433D38074778543 /* FCSection.swift */,
				E188B5861873B6A76A13B362 /* FCTrafficLights.swift */,
				441CE03A879677B5E2D86A85 /* FCWindow.swift */,
			);
			path = Window;
			sourceTree = "<group>";
		};
		BF90D38EC5BC54B1FFF18D72 /* Products */ = {
			isa = PBXGroup;
			children = (
				AD32153A9BB85207FFE014DF /* BreezeFan.app */,
				56E4C4AC5CF1404AFC2AC641 /* BreezeFanHelper */,
				C54AEFDA703A1259C5610D9E /* BreezeFanTests.xctest */,
			);
			name = Products;
			sourceTree = "<group>";
		};
		C8308E453FE808C0B0CE01FD /* XPC */ = {
			isa = PBXGroup;
			children = (
				ED42F946B2A0F052AE3948C7 /* HelperClient.swift */,
			);
			path = XPC;
			sourceTree = "<group>";
		};
		D017C5116FC6036810142F2B /* App */ = {
			isa = PBXGroup;
			children = (
				AB73CD281836B2435284F8AF /* MenuBar */,
				27FD1220D886D5225CEF0E58 /* State */,
				84E744B68FFDEECF54056544 /* Theme */,
				8887728CBCED9E376E792CE7 /* Views */,
				BB468311BB96AECF8D838FDA /* Window */,
				C8308E453FE808C0B0CE01FD /* XPC */,
				79BDE7CDF73F5DB199C7B046 /* BreezeFan.entitlements */,
				49E3991D28FF68F4219896D2 /* BreezeFanApp.swift */,
				66C0F93595794C0C0BA06C36 /* Info.plist */,
			);
			path = App;
			sourceTree = "<group>";
		};
		D678B63505852A9CD6BD9A3E /* Tests */ = {
			isa = PBXGroup;
			children = (
				1E8C1D283CF335C40D29A3AB /* ControlTests */,
				8D90EFA8467E437D7B95182C /* CurveTests */,
				F3803B6269A271ECEAECD997 /* HelperProtocolTests */,
				B9FAED6EF77EA5B898E53620 /* SensorsTests */,
				B6F0ADB9E9C9DEF02128A653 /* SMCTests */,
			);
			path = Tests;
			sourceTree = "<group>";
		};
		E28F655E5134C6E1FD7E52C9 /* CurveEditor */ = {
			isa = PBXGroup;
			children = (
				24488A787BCBB1C9F6DAF465 /* CurveEditorView.swift */,
				E6BEA70BFBFCA56A82D4D083 /* CurveGraph.swift */,
				A5EF242C422F34DC7996CE8E /* NumStepper.swift */,
			);
			path = CurveEditor;
			sourceTree = "<group>";
		};
		F3803B6269A271ECEAECD997 /* HelperProtocolTests */ = {
			isa = PBXGroup;
			children = (
				66ECBB21F33A852D77ACD7A0 /* PingTests.swift */,
				0034E6AD79BB04516E19E031 /* XPCConnectionValidatorTests.swift */,
			);
			path = HelperProtocolTests;
			sourceTree = "<group>";
		};
		F6D7225EAEB1E517720E358B /* Sensors */ = {
			isa = PBXGroup;
			children = (
				DA86059E50E2461828814AC5 /* ModelDetector.swift */,
				9E6FC5BEF98CB78A1C1865DB /* SensorPoller.swift */,
				9F4ECA96DF95344BCC72BC8D /* SnapshotBuilder.swift */,
				87FDA225EC1CE074059C8945 /* TemperatureReader.swift */,
			);
			path = Sensors;
			sourceTree = "<group>";
		};
		FD7CC3C47078F258B6D99B35 /* SMC */ = {
			isa = PBXGroup;
			children = (
				794DE7ACE2BDB6EE3A88090B /* FPE2.swift */,
				F9C7DC71F4B8D03B6FDA9158 /* SMCError.swift */,
				E1B40AF3EB20E26B32BE3CC8 /* SMCKey.swift */,
				F2E7CEFB76AE273A66779C16 /* SMCReader.swift */,
				6554A9435DB6B343EE9986AA /* SMCWriter.swift */,
			);
			path = SMC;
			sourceTree = "<group>";
		};
/* End PBXGroup section */

/* Begin PBXNativeTarget section */
		5418C176A2C26A2B8D7A486F /* BreezeFanTests */ = {
			isa = PBXNativeTarget;
			buildConfigurationList = 57339529A0E4CAE3DECA385B /* Build configuration list for PBXNativeTarget "BreezeFanTests" */;
			buildPhases = (
				48DA37F51B5E7EEB9463E739 /* Sources */,
			);
			buildRules = (
			);
			dependencies = (
				6A6F8A87D8DF9B6CEDFC6495 /* PBXTargetDependency */,
			);
			name = BreezeFanTests;
			packageProductDependencies = (
			);
			productName = BreezeFanTests;
			productReference = C54AEFDA703A1259C5610D9E /* BreezeFanTests.xctest */;
			productType = "com.apple.product-type.bundle.unit-test";
		};
		698696E8AD6994D80BB09592 /* BreezeFan */ = {
			isa = PBXNativeTarget;
			buildConfigurationList = 7F4682E62F8CC10DC5D29731 /* Build configuration list for PBXNativeTarget "BreezeFan" */;
			buildPhases = (
				9A6078700F3205A7C8DF2899 /* Sources */,
				57EB1C407560EFC218CCAAD7 /* Resources */,
				58FFF5A6F6C6D50A4D42364A /* Embed Helper into Library/LaunchDaemons */,
			);
			buildRules = (
			);
			dependencies = (
				085BE38CDC3A8E2A4601B716 /* PBXTargetDependency */,
			);
			name = BreezeFan;
			packageProductDependencies = (
			);
			productName = BreezeFan;
			productReference = AD32153A9BB85207FFE014DF /* BreezeFan.app */;
			productType = "com.apple.product-type.application";
		};
		B370EE414A62574228C8F29F /* BreezeFanHelper */ = {
			isa = PBXNativeTarget;
			buildConfigurationList = 16300E0DB2F2E17B067102AE /* Build configuration list for PBXNativeTarget "BreezeFanHelper" */;
			buildPhases = (
				524C626886B816A4196327FD /* Sources */,
				9C3ABCA0ABBCC82B75BA4868 /* Resources */,
			);
			buildRules = (
			);
			dependencies = (
			);
			name = BreezeFanHelper;
			packageProductDependencies = (
			);
			productName = BreezeFanHelper;
			productReference = 56E4C4AC5CF1404AFC2AC641 /* BreezeFanHelper */;
			productType = "com.apple.product-type.tool";
		};
/* End PBXNativeTarget section */

/* Begin PBXProject section */
		24D57502B6BDE0994608A823 /* Project object */ = {
			isa = PBXProject;
			attributes = {
				BuildIndependentTargetsInParallel = YES;
				LastUpgradeCheck = 1430;
				TargetAttributes = {
					5418C176A2C26A2B8D7A486F = {
						DevelopmentTeam = "";
						ProvisioningStyle = Automatic;
					};
					698696E8AD6994D80BB09592 = {
						DevelopmentTeam = "";
						ProvisioningStyle = Automatic;
					};
					B370EE414A62574228C8F29F = {
						DevelopmentTeam = "";
						ProvisioningStyle = Automatic;
					};
				};
			};
			buildConfigurationList = D806FA3EC1D0B217B16FEAA2 /* Build configuration list for PBXProject "BreezeFan" */;
			developmentRegion = en;
			hasScannedForEncodings = 0;
			knownRegions = (
				Base,
				en,
			);
			mainGroup = 1EF6DAC49120E510EACF965F;
			minimizedProjectReferenceProxies = 1;
			preferredProjectObjectVersion = 77;
			productRefGroup = BF90D38EC5BC54B1FFF18D72 /* Products */;
			projectDirPath = "";
			projectRoot = "";
			targets = (
				698696E8AD6994D80BB09592 /* BreezeFan */,
				B370EE414A62574228C8F29F /* BreezeFanHelper */,
				5418C176A2C26A2B8D7A486F /* BreezeFanTests */,
			);
		};
/* End PBXProject section */

/* Begin PBXResourcesBuildPhase section */
		57EB1C407560EFC218CCAAD7 /* Resources */ = {
			isa = PBXResourcesBuildPhase;
			buildActionMask = 2147483647;
			files = (
				0FEFE353731F2545F2B38621 /* AppIcon.icns in Resources */,
			);
			runOnlyForDeploymentPostprocessing = 0;
		};
		9C3ABCA0ABBCC82B75BA4868 /* Resources */ = {
			isa = PBXResourcesBuildPhase;
			buildActionMask = 2147483647;
			files = (
				71ADC84D24272D061C836EA9 /* com.breezefan.helper.plist in Resources */,
			);
			runOnlyForDeploymentPostprocessing = 0;
		};
/* End PBXResourcesBuildPhase section */

/* Begin PBXShellScriptBuildPhase section */
		58FFF5A6F6C6D50A4D42364A /* Embed Helper into Library/LaunchDaemons */ = {
			isa = PBXShellScriptBuildPhase;
			buildActionMask = 2147483647;
			files = (
			);
			inputFileListPaths = (
			);
			inputPaths = (
			);
			name = "Embed Helper into Library/LaunchDaemons";
			outputFileListPaths = (
			);
			outputPaths = (
				"$(BUILT_PRODUCTS_DIR)/$(WRAPPER_NAME)/Contents/Library/LaunchDaemons/com.breezefan.helper.plist",
				"$(BUILT_PRODUCTS_DIR)/$(WRAPPER_NAME)/Contents/MacOS/Helpers/BreezeFanHelper",
			);
			runOnlyForDeploymentPostprocessing = 0;
			shellPath = /bin/sh;
			shellScript = "set -euo pipefail\nAPP_FRAMEWORKS_DIR=\"${BUILT_PRODUCTS_DIR}/${WRAPPER_NAME}/Contents/Library/LaunchDaemons\"\nAPP_HELPERS_DIR=\"${BUILT_PRODUCTS_DIR}/${WRAPPER_NAME}/Contents/MacOS/Helpers\"\nmkdir -p \"$APP_FRAMEWORKS_DIR\"\nmkdir -p \"$APP_HELPERS_DIR\"\n# Copy helper binary\ncp -f \"${BUILT_PRODUCTS_DIR}/BreezeFanHelper\" \"$APP_HELPERS_DIR/BreezeFanHelper\"\n# Copy launchd plist\ncp -f \"${SRCROOT}/Helper/com.breezefan.helper.plist\" \"$APP_FRAMEWORKS_DIR/com.breezefan.helper.plist\"\n";
		};
/* End PBXShellScriptBuildPhase section */

/* Begin PBXSourcesBuildPhase section */
		48DA37F51B5E7EEB9463E739 /* Sources */ = {
			isa = PBXSourcesBuildPhase;
			buildActionMask = 2147483647;
			files = (
				3C014ABE6A908924CCC64AF7 /* CurveInterpolator.swift in Sources */,
				577C7573797F5E49483F1600 /* CurveInterpolatorTests.swift in Sources */,
				B5DA784B64847965221FB68A /* CurveValidationTests.swift in Sources */,
				D5AA7162DC0AFADB7AD23A1E /* CurveValidator.swift in Sources */,
				9E47190A0359D15F042A4C5A /* FPE2Tests.swift in Sources */,
				5387396E16C0E9CA9E552598 /* FanCeilingsValidityTests.swift in Sources */,
				413F7FFE55500ACCEEA27AD1 /* HelperProtocol.swift in Sources */,
				8EC9BBC9960991B9909C4AF9 /* HysteresisTests.swift in Sources */,
				8EAEB31D7E615AA166CD3306 /* ModeManagerClampTests.swift in Sources */,
				0AA8CF895C81741BB1B74E8A /* PingTests.swift in Sources */,
				D2A591E77A1CA1EB4569EF10 /* PresetTests.swift in Sources */,
				ACE6097E822142EC3D039D7A /* SMCKeyEncodingTests.swift in Sources */,
				CDC21F0DA802B3949309E143 /* SMCReaderMockTests.swift in Sources */,
				A58FD948E7131159BE28ED25 /* SafetyOverrideTests.swift in Sources */,
				D4313ECC2A17D24F6201B078 /* SharedTypes.swift in Sources */,
				30A09EE987C6708810B8E2AD /* SnapshotBuilderTests.swift in Sources */,
				E3D742128AF7BB4A6A451EDA /* TempSanityTests.swift in Sources */,
				D8D1A4652CE2A7B60BBB4CC8 /* TemperatureReaderTests.swift in Sources */,
				CAB79BEC49A4D7AE0CB201F9 /* XPCConnectionValidatorTests.swift in Sources */,
			);
			runOnlyForDeploymentPostprocessing = 0;
		};
		524C626886B816A4196327FD /* Sources */ = {
			isa = PBXSourcesBuildPhase;
			buildActionMask = 2147483647;
			files = (
				E80AAFB31F236409564B093C /* ControlConfigStore.swift in Sources */,
				3F48DCD324DA4B492369C105 /* ControlLoop.swift in Sources */,
				B75FF01E2E71F8E2FDA414A2 /* CurveInterpolator.swift in Sources */,
				F18B031AB90C43A395B47282 /* CurveValidator.swift in Sources */,
				7568BD701FE42A0EF2B26697 /* FPE2.swift in Sources */,
				FF1B1FF88B500C2AEA7673B4 /* HelperLogger.swift in Sources */,
				3F0D210B899E670A6E528018 /* HelperMain.swift in Sources */,
				7C388B325F4D4E2A85DA380B /* HelperProtocol.swift in Sources */,
				CAE27E40F82A9FA8920C79B7 /* HelperService.swift in Sources */,
				CCB2A8B69BC61204560E62F6 /* Hysteresis.swift in Sources */,
				96F83C6E124E35929C6E32C3 /* ModeManager.swift in Sources */,
				CEA9B1C50AE705C9F4084EE4 /* ModelDetector.swift in Sources */,
				3BABF9FFCA27A02BE5F36653 /* SMCError.swift in Sources */,
				92BAACC02E2986B519768D76 /* SMCKey.swift in Sources */,
				6B6BBC50DFAF69709AEE8B42 /* SMCReader.swift in Sources */,
				EDC2310B830DD21588BFDCDB /* SMCWriter.swift in Sources */,
				324B8218465329F937611366 /* SafetyOverride.swift in Sources */,
				F6FC784F3A2C588188369469 /* SensorPoller.swift in Sources */,
				54102E3BAA9E98D7B522587B /* SharedTypes.swift in Sources */,
				4E5A75D543011591D3F23263 /* SnapshotBuilder.swift in Sources */,
				94AD8F0DC59EBD34D2AA85E5 /* TemperatureReader.swift in Sources */,
				B2666FEE8C1199C9F7A2B606 /* Watchdog.swift in Sources */,
				660E962A986080405D64E2C9 /* XPCConnectionValidator.swift in Sources */,
			);
			runOnlyForDeploymentPostprocessing = 0;
		};
		9A6078700F3205A7C8DF2899 /* Sources */ = {
			isa = PBXSourcesBuildPhase;
			buildActionMask = 2147483647;
			files = (
				FD841EDACACD213E97DC83BE /* Animations.swift in Sources */,
				79460938D71F344FBAE62A32 /* AppLogger.swift in Sources */,
				A90B93705012B8F208A75C8E /* AppState.swift in Sources */,
				6E47708A736EC7E84DEE6DE0 /* BreezeFanApp.swift in Sources */,
				829221D73D9FE1F0CFD180B3 /* Colors.swift in Sources */,
				B498141EEB49D5E8319B0C12 /* CurveEditorView.swift in Sources */,
				955F8ADEE975F717762EFB2A /* CurveGraph.swift in Sources */,
				EA44357B328BA15324D04BD3 /* CurveInterpolator.swift in Sources */,
				2AF9D6F16AA2F8B3090AFE60 /* CurveValidator.swift in Sources */,
				B476238A88D4C4EF8E3F22A1 /* FCDivider.swift in Sources */,
				EF5D0A6B0CA338E0B7A44FB3 /* FCSection.swift in Sources */,
				4C615AB501748D8DC0BC301E /* FCTrafficLights.swift in Sources */,
				38A2D148916901AAF8452179 /* FCWindow.swift in Sources */,
				EDC67320E4B688AA984091AD /* FanRow.swift in Sources */,
				40921C63FC7822B2AD6A58A4 /* Fonts.swift in Sources */,
				5AABA335666B1B2340327818 /* HelperClient.swift in Sources */,
				7A0CFC89D611FD564ED12BFA /* HelperProtocol.swift in Sources */,
				E2AD1A2AEDFC8AF1F5A63F24 /* LicenseUnlockSheet.swift in Sources */,
				7CE6A52DEA80C8EDD0886D69 /* LogConsole.swift in Sources */,
				D48377C47A4D5964DA0D2733 /* MainView.swift in Sources */,
				AA17B66CD48491B3ED3BBD18 /* MenuBarPopoverView.swift in Sources */,
				D21862C66074DDE1B79CA2FB /* NumStepper.swift in Sources */,
				2E61F43240D8598A1B0B4F91 /* PlaceholderMainView.swift in Sources */,
				4800A7A37F8EB2B5250924C2 /* PresetButton.swift in Sources */,
				1A9AEBF8F86D947C716C1004 /* PresetGrid.swift in Sources */,
				0C949032B8532A10BB7FF4DA /* SensorViewModel.swift in Sources */,
				86300C5173D634862C2D6F78 /* SharedTypes.swift in Sources */,
				6F70AA569B0132B8155AE930 /* Spacing.swift in Sources */,
				8C19AEDBE8F58BC56AEBAD4A /* StateStore.swift in Sources */,
				7FFD681EAFCC03CF4876EAC0 /* StatusIcon.swift in Sources */,
				658D29500422C4D9B38ACEC8 /* StatusItemController.swift in Sources */,
				1EFDABF0716B629D838B7E3E /* UpdateChecker.swift in Sources */,
			);
			runOnlyForDeploymentPostprocessing = 0;
		};
/* End PBXSourcesBuildPhase section */

/* Begin PBXTargetDependency section */
		085BE38CDC3A8E2A4601B716 /* PBXTargetDependency */ = {
			isa = PBXTargetDependency;
			target = B370EE414A62574228C8F29F /* BreezeFanHelper */;
			targetProxy = 9D9A5A20CB983BF2298257FC /* PBXContainerItemProxy */;
		};
		6A6F8A87D8DF9B6CEDFC6495 /* PBXTargetDependency */ = {
			isa = PBXTargetDependency;
			target = 698696E8AD6994D80BB09592 /* BreezeFan */;
			targetProxy = 8310AFD15E6442339C4A37DF /* PBXContainerItemProxy */;
		};
/* End PBXTargetDependency section */

/* Begin XCBuildConfiguration section */
		3EC8EC0F29F9339CB2575892 /* Release */ = {
			isa = XCBuildConfiguration;
			buildSettings = {
				BUNDLE_LOADER = "$(TEST_HOST)";
				COMBINE_HIDPI_IMAGES = YES;
				LD_RUNPATH_SEARCH_PATHS = (
					"$(inherited)",
					"@executable_path/../Frameworks",
					"@loader_path/../Frameworks",
				);
				MACOSX_DEPLOYMENT_TARGET = 14.0;
				PRODUCT_BUNDLE_IDENTIFIER = com.breezefan.tests;
				PRODUCT_NAME = BreezeFanTests;
				SDKROOT = macosx;
				SWIFT_OBJC_BRIDGING_HEADER = "";
				TEST_HOST = "$(BUILT_PRODUCTS_DIR)/BreezeFan.app/Contents/MacOS/BreezeFan";
			};
			name = Release;
		};
		4CCAF0CFD68FEE4638A8DE51 /* Debug */ = {
			isa = XCBuildConfiguration;
			buildSettings = {
				CODE_SIGN_ENTITLEMENTS = Helper/BreezeFanHelper.entitlements;
				COMBINE_HIDPI_IMAGES = YES;
				ENABLE_HARDENED_RUNTIME = YES;
				INFOPLIST_FILE = Helper/Info.plist;
				INFOPLIST_KEY_LSMinimumSystemVersion = 14.0;
				LD_RUNPATH_SEARCH_PATHS = (
					"$(inherited)",
					"@executable_path/../Frameworks",
				);
				MACOSX_DEPLOYMENT_TARGET = 14.0;
				PRODUCT_BUNDLE_IDENTIFIER = com.breezefan.helper;
				PRODUCT_NAME = BreezeFanHelper;
				SDKROOT = macosx;
				SKIP_INSTALL = YES;
			};
			name = Debug;
		};
		6187F80C09224E4206387ECC /* Debug */ = {
			isa = XCBuildConfiguration;
			buildSettings = {
				ASSETCATALOG_COMPILER_APPICON_NAME = AppIcon;
				CODE_SIGN_ENTITLEMENTS = App/BreezeFan.entitlements;
				COMBINE_HIDPI_IMAGES = YES;
				ENABLE_APP_SANDBOX = NO;
				INFOPLIST_FILE = App/Info.plist;
				INFOPLIST_KEY_LSMinimumSystemVersion = 14.0;
				INFOPLIST_KEY_LSUIElement = NO;
				INFOPLIST_KEY_NSHumanReadableCopyright = "";
				LD_RUNPATH_SEARCH_PATHS = (
					"$(inherited)",
					"@executable_path/../Frameworks",
				);
				MACOSX_DEPLOYMENT_TARGET = 14.0;
				PRODUCT_BUNDLE_IDENTIFIER = com.breezefan.app;
				PRODUCT_NAME = BreezeFan;
				SDKROOT = macosx;
				SWIFT_OBJC_BRIDGING_HEADER = "";
			};
			name = Debug;
		};
		7A20572681F1AADA3F89FA2E /* Debug */ = {
			isa = XCBuildConfiguration;
			buildSettings = {
				ALWAYS_SEARCH_USER_PATHS = NO;
				CLANG_ANALYZER_NONNULL = YES;
				CLANG_ANALYZER_NUMBER_OBJECT_CONVERSION = YES_AGGRESSIVE;
				CLANG_CXX_LANGUAGE_STANDARD = "gnu++14";
				CLANG_CXX_LIBRARY = "libc++";
				CLANG_ENABLE_MODULES = YES;
				CLANG_ENABLE_OBJC_ARC = YES;
				CLANG_ENABLE_OBJC_WEAK = YES;
				CLANG_WARN_BLOCK_CAPTURE_AUTORELEASING = YES;
				CLANG_WARN_BOOL_CONVERSION = YES;
				CLANG_WARN_COMMA = YES;
				CLANG_WARN_CONSTANT_CONVERSION = YES;
				CLANG_WARN_DEPRECATED_OBJC_IMPLEMENTATIONS = YES;
				CLANG_WARN_DIRECT_OBJC_ISA_USAGE = YES_ERROR;
				CLANG_WARN_DOCUMENTATION_COMMENTS = YES;
				CLANG_WARN_EMPTY_BODY = YES;
				CLANG_WARN_ENUM_CONVERSION = YES;
				CLANG_WARN_INFINITE_RECURSION = YES;
				CLANG_WARN_INT_CONVERSION = YES;
				CLANG_WARN_NON_LITERAL_NULL_CONVERSION = YES;
				CLANG_WARN_OBJC_IMPLICIT_RETAIN_SELF = YES;
				CLANG_WARN_OBJC_LITERAL_CONVERSION = YES;
				CLANG_WARN_OBJC_ROOT_CLASS = YES_ERROR;
				CLANG_WARN_QUOTED_INCLUDE_IN_FRAMEWORK_HEADER = YES;
				CLANG_WARN_RANGE_LOOP_ANALYSIS = YES;
				CLANG_WARN_STRICT_PROTOTYPES = YES;
				CLANG_WARN_SUSPICIOUS_MOVE = YES;
				CLANG_WARN_UNGUARDED_AVAILABILITY = YES_AGGRESSIVE;
				CLANG_WARN_UNREACHABLE_CODE = YES;
				CLANG_WARN__DUPLICATE_METHOD_MATCH = YES;
				CODE_SIGN_IDENTITY = "-";
				CODE_SIGN_STYLE = Automatic;
				COPY_PHASE_STRIP = NO;
				DEAD_CODE_STRIPPING = YES;
				DEBUG_INFORMATION_FORMAT = dwarf;
				DEVELOPMENT_TEAM = "";
				ENABLE_HARDENED_RUNTIME = YES;
				ENABLE_STRICT_OBJC_MSGSEND = YES;
				ENABLE_TESTABILITY = YES;
				GCC_C_LANGUAGE_STANDARD = gnu11;
				GCC_DYNAMIC_NO_PIC = NO;
				GCC_NO_COMMON_BLOCKS = YES;
				GCC_OPTIMIZATION_LEVEL = 0;
				GCC_PREPROCESSOR_DEFINITIONS = (
					"$(inherited)",
					"DEBUG=1",
				);
				GCC_TREAT_WARNINGS_AS_ERRORS = NO;
				GCC_WARN_64_TO_32_BIT_CONVERSION = YES;
				GCC_WARN_ABOUT_RETURN_TYPE = YES_ERROR;
				GCC_WARN_UNDECLARED_SELECTOR = YES;
				GCC_WARN_UNINITIALIZED_AUTOS = YES_AGGRESSIVE;
				GCC_WARN_UNUSED_FUNCTION = YES;
				GCC_WARN_UNUSED_VARIABLE = YES;
				MACOSX_DEPLOYMENT_TARGET = 14.0;
				MTL_ENABLE_DEBUG_INFO = INCLUDE_SOURCE;
				MTL_FAST_MATH = YES;
				ONLY_ACTIVE_ARCH = YES;
				PRODUCT_NAME = "$(TARGET_NAME)";
				SDKROOT = macosx;
				SWIFT_ACTIVE_COMPILATION_CONDITIONS = DEBUG;
				SWIFT_OPTIMIZATION_LEVEL = "-Onone";
				SWIFT_TREAT_WARNINGS_AS_ERRORS = NO;
				SWIFT_VERSION = 5.10;
			};
			name = Debug;
		};
		B00695DCF141AA47C1968026 /* Release */ = {
			isa = XCBuildConfiguration;
			buildSettings = {
				CODE_SIGN_ENTITLEMENTS = Helper/BreezeFanHelper.entitlements;
				COMBINE_HIDPI_IMAGES = YES;
				ENABLE_HARDENED_RUNTIME = YES;
				INFOPLIST_FILE = Helper/Info.plist;
				INFOPLIST_KEY_LSMinimumSystemVersion = 14.0;
				LD_RUNPATH_SEARCH_PATHS = (
					"$(inherited)",
					"@executable_path/../Frameworks",
				);
				MACOSX_DEPLOYMENT_TARGET = 14.0;
				PRODUCT_BUNDLE_IDENTIFIER = com.breezefan.helper;
				PRODUCT_NAME = BreezeFanHelper;
				SDKROOT = macosx;
				SKIP_INSTALL = YES;
			};
			name = Release;
		};
		C7F7547904E9633A8D4B8642 /* Release */ = {
			isa = XCBuildConfiguration;
			buildSettings = {
				ALWAYS_SEARCH_USER_PATHS = NO;
				CLANG_ANALYZER_NONNULL = YES;
				CLANG_ANALYZER_NUMBER_OBJECT_CONVERSION = YES_AGGRESSIVE;
				CLANG_CXX_LANGUAGE_STANDARD = "gnu++14";
				CLANG_CXX_LIBRARY = "libc++";
				CLANG_ENABLE_MODULES = YES;
				CLANG_ENABLE_OBJC_ARC = YES;
				CLANG_ENABLE_OBJC_WEAK = YES;
				CLANG_WARN_BLOCK_CAPTURE_AUTORELEASING = YES;
				CLANG_WARN_BOOL_CONVERSION = YES;
				CLANG_WARN_COMMA = YES;
				CLANG_WARN_CONSTANT_CONVERSION = YES;
				CLANG_WARN_DEPRECATED_OBJC_IMPLEMENTATIONS = YES;
				CLANG_WARN_DIRECT_OBJC_ISA_USAGE = YES_ERROR;
				CLANG_WARN_DOCUMENTATION_COMMENTS = YES;
				CLANG_WARN_EMPTY_BODY = YES;
				CLANG_WARN_ENUM_CONVERSION = YES;
				CLANG_WARN_INFINITE_RECURSION = YES;
				CLANG_WARN_INT_CONVERSION = YES;
				CLANG_WARN_NON_LITERAL_NULL_CONVERSION = YES;
				CLANG_WARN_OBJC_IMPLICIT_RETAIN_SELF = YES;
				CLANG_WARN_OBJC_LITERAL_CONVERSION = YES;
				CLANG_WARN_OBJC_ROOT_CLASS = YES_ERROR;
				CLANG_WARN_QUOTED_INCLUDE_IN_FRAMEWORK_HEADER = YES;
				CLANG_WARN_RANGE_LOOP_ANALYSIS = YES;
				CLANG_WARN_STRICT_PROTOTYPES = YES;
				CLANG_WARN_SUSPICIOUS_MOVE = YES;
				CLANG_WARN_UNGUARDED_AVAILABILITY = YES_AGGRESSIVE;
				CLANG_WARN_UNREACHABLE_CODE = YES;
				CLANG_WARN__DUPLICATE_METHOD_MATCH = YES;
				CODE_SIGN_IDENTITY = "-";
				CODE_SIGN_STYLE = Automatic;
				COPY_PHASE_STRIP = NO;
				DEAD_CODE_STRIPPING = YES;
				DEBUG_INFORMATION_FORMAT = "dwarf-with-dsym";
				DEVELOPMENT_TEAM = "";
				ENABLE_HARDENED_RUNTIME = YES;
				ENABLE_NS_ASSERTIONS = NO;
				ENABLE_STRICT_OBJC_MSGSEND = YES;
				GCC_C_LANGUAGE_STANDARD = gnu11;
				GCC_NO_COMMON_BLOCKS = YES;
				GCC_TREAT_WARNINGS_AS_ERRORS = NO;
				GCC_WARN_64_TO_32_BIT_CONVERSION = YES;
				GCC_WARN_ABOUT_RETURN_TYPE = YES_ERROR;
				GCC_WARN_UNDECLARED_SELECTOR = YES;
				GCC_WARN_UNINITIALIZED_AUTOS = YES_AGGRESSIVE;
				GCC_WARN_UNUSED_FUNCTION = YES;
				GCC_WARN_UNUSED_VARIABLE = YES;
				MACOSX_DEPLOYMENT_TARGET = 14.0;
				MTL_ENABLE_DEBUG_INFO = NO;
				MTL_FAST_MATH = YES;
				ONLY_ACTIVE_ARCH = YES;
				PRODUCT_NAME = "$(TARGET_NAME)";
				SDKROOT = macosx;
				SWIFT_COMPILATION_MODE = wholemodule;
				SWIFT_OPTIMIZATION_LEVEL = "-O";
				SWIFT_TREAT_WARNINGS_AS_ERRORS = NO;
				SWIFT_VERSION = 5.10;
			};
			name = Release;
		};
		D34610E975E211D9652E7332 /* Debug */ = {
			isa = XCBuildConfiguration;
			buildSettings = {
				BUNDLE_LOADER = "$(TEST_HOST)";
				COMBINE_HIDPI_IMAGES = YES;
				LD_RUNPATH_SEARCH_PATHS = (
					"$(inherited)",
					"@executable_path/../Frameworks",
					"@loader_path/../Frameworks",
				);
				MACOSX_DEPLOYMENT_TARGET = 14.0;
				PRODUCT_BUNDLE_IDENTIFIER = com.breezefan.tests;
				PRODUCT_NAME = BreezeFanTests;
				SDKROOT = macosx;
				SWIFT_OBJC_BRIDGING_HEADER = "";
				TEST_HOST = "$(BUILT_PRODUCTS_DIR)/BreezeFan.app/Contents/MacOS/BreezeFan";
			};
			name = Debug;
		};
		ECD5AF9614C75C75CD381BEE /* Release */ = {
			isa = XCBuildConfiguration;
			buildSettings = {
				ASSETCATALOG_COMPILER_APPICON_NAME = AppIcon;
				CODE_SIGN_ENTITLEMENTS = App/BreezeFan.entitlements;
				COMBINE_HIDPI_IMAGES = YES;
				ENABLE_APP_SANDBOX = NO;
				INFOPLIST_FILE = App/Info.plist;
				INFOPLIST_KEY_LSMinimumSystemVersion = 14.0;
				INFOPLIST_KEY_LSUIElement = NO;
				INFOPLIST_KEY_NSHumanReadableCopyright = "";
				LD_RUNPATH_SEARCH_PATHS = (
					"$(inherited)",
					"@executable_path/../Frameworks",
				);
				MACOSX_DEPLOYMENT_TARGET = 14.0;
				PRODUCT_BUNDLE_IDENTIFIER = com.breezefan.app;
				PRODUCT_NAME = BreezeFan;
				SDKROOT = macosx;
				SWIFT_OBJC_BRIDGING_HEADER = "";
			};
			name = Release;
		};
/* End XCBuildConfiguration section */

/* Begin XCConfigurationList section */
		16300E0DB2F2E17B067102AE /* Build configuration list for PBXNativeTarget "BreezeFanHelper" */ = {
			isa = XCConfigurationList;
			buildConfigurations = (
				4CCAF0CFD68FEE4638A8DE51 /* Debug */,
				B00695DCF141AA47C1968026 /* Release */,
			);
			defaultConfigurationIsVisible = 0;
			defaultConfigurationName = Debug;
		};
		57339529A0E4CAE3DECA385B /* Build configuration list for PBXNativeTarget "BreezeFanTests" */ = {
			isa = XCConfigurationList;
			buildConfigurations = (
				D34610E975E211D9652E7332 /* Debug */,
				3EC8EC0F29F9339CB2575892 /* Release */,
			);
			defaultConfigurationIsVisible = 0;
			defaultConfigurationName = Debug;
		};
		7F4682E62F8CC10DC5D29731 /* Build configuration list for PBXNativeTarget "BreezeFan" */ = {
			isa = XCConfigurationList;
			buildConfigurations = (
				6187F80C09224E4206387ECC /* Debug */,
				ECD5AF9614C75C75CD381BEE /* Release */,
			);
			defaultConfigurationIsVisible = 0;
			defaultConfigurationName = Debug;
		};
		D806FA3EC1D0B217B16FEAA2 /* Build configuration list for PBXProject "BreezeFan" */ = {
			isa = XCConfigurationList;
			buildConfigurations = (
				7A20572681F1AADA3F89FA2E /* Debug */,
				C7F7547904E9633A8D4B8642 /* Release */,
			);
			defaultConfigurationIsVisible = 0;
			defaultConfigurationName = Debug;
		};
/* End XCConfigurationList section */
	};
	rootObject = 24D57502B6BDE0994608A823 /* Project object */;
}
